# This file is autogenerated, do not edit; changes may be undone by the next 'dep ensure'.


[[projects]]
  name = "github.com/cespare/xxhash"
  packages = ["."]
  revision = "3b82fb7d186719faeedd0c2864f868c74fbf79a1"
  version = "v2.0.0"

[[projects]]
  name = "github.com/go-redis/redis"
  packages = [
    ".",
    "internal",
    "internal/consistenthash",
    "internal/hashtag",
    "internal/pool",
    "internal/proto",
    "internal/util"
  ]
  revision = "75795aa4236dc7341eefac3bbe945e68c99ef9df"
  version = "v6.15.3"

[[projects]]
  name = "github.com/pinpt/go-common"
  packages = ["hash"]
  revision = "6918d508b3eb6c345408e3892d34d27df97c7b1a"
  version = "7.0.17"

[[projects]]
  branch = "master"
  name = "github.com/siddontang/go"
  packages = ["log"]
  revision = "bdc77568d726a8702315ec4eafda030b6abc4f43"

[solve-meta]
  analyzer-name = "dep"
  analyzer-version = 1
  inputs-digest = "307528270fba25f01d1f3c43378cf5c8afba6fd83d316a56fa2adf36a185c724"
  solver-name = "gps-cdcl"
  solver-version = 1
